
Microsoft Visual Studio Solution File, Format Version 12.00
# Visual Studio Version 17
VisualStudioVersion = 17.11.35327.3
MinimumVisualStudioVersion = 10.0.40219.1
Project("{FAE04EC0-301F-11D3-BF4B-00C04F79EFBC}") = "cassidoo-interview-questions", "cassidoo-interview-questions.csproj", "{C5BD2768-C0E9-48D4-8458-1318B0F45AFF}"
EndProject
Global
	GlobalSection(SolutionConfigurationPlatforms) = preSolution
		Debug|Any CPU = Debug|Any CPU
		Release|Any CPU = Release|Any CPU
	EndGlobalSection
	GlobalSection(ProjectConfigurationPlatforms) = postSolution
		{C5BD2768-C0E9-48D4-8458-1318B0F45AFF}.Debug|Any CPU.ActiveCfg = Debug|Any CPU
		{C5BD2768-C0E9-48D4-8458-1318B0F45AFF}.Debug|Any CPU.Build.0 = Debug|Any CPU
		{C5BD2768-C0E9-48D4-8458-1318B0F45AFF}.Release|Any CPU.ActiveCfg = Release|Any CPU
		{C5BD2768-C0E9-48D4-8458-1318B0F45AFF}.Release|Any CPU.Build.0 = Release|Any CPU
	EndGlobalSection
	GlobalSection(SolutionProperties) = preSolution
		HideSolutionNode = FALSE
	EndGlobalSection
	GlobalSection(ExtensibilityGlobals) = postSolution
		SolutionGuid = {EF0BC9C9-2FC0-4983-BCAC-892CFCB7D349}
	EndGlobalSection
EndGlobal
